
Microsoft Visual Studio Solution File, Format Version 12.00
# Visual Studio Version 17
VisualStudioVersion = 17.9.34701.34
MinimumVisualStudioVersion = 10.0.40219.1
Project("{FAE04EC0-301F-11D3-BF4B-00C04F79EFBC}") = "HospitalConsoleApp", "HospitalConsoleApp.csproj", "{C2736BBD-8B48-4786-9466-F3691D2344EF}"
EndProject
Project("{FAE04EC0-301F-11D3-BF4B-00C04F79EFBC}") = "HospitalDAL", "..\LibraryDAL\HospitalDAL.csproj", "{A6291792-59B4-4D3E-9608-12BA2C0A242A}"
EndProject
Global
	GlobalSection(SolutionConfigurationPlatforms) = preSolution
		Debug|Any CPU = Debug|Any CPU
		Release|Any CPU = Release|Any CPU
	EndGlobalSection
	GlobalSection(ProjectConfigurationPlatforms) = postSolution
		{C2736BBD-8B48-4786-9466-F3691D2344EF}.Debug|Any CPU.ActiveCfg = Debug|Any CPU
		{C2736BBD-8B48-4786-9466-F3691D2344EF}.Debug|Any CPU.Build.0 = Debug|Any CPU
		{C2736BBD-8B48-4786-9466-F3691D2344EF}.Release|Any CPU.ActiveCfg = Release|Any CPU
		{C2736BBD-8B48-4786-9466-F3691D2344EF}.Release|Any CPU.Build.0 = Release|Any CPU
		{A6291792-59B4-4D3E-9608-12BA2C0A242A}.Debug|Any CPU.ActiveCfg = Debug|Any CPU
		{A6291792-59B4-4D3E-9608-12BA2C0A242A}.Debug|Any CPU.Build.0 = Debug|Any CPU
		{A6291792-59B4-4D3E-9608-12BA2C0A242A}.Release|Any CPU.ActiveCfg = Release|Any CPU
		{A6291792-59B4-4D3E-9608-12BA2C0A242A}.Release|Any CPU.Build.0 = Release|Any CPU
	EndGlobalSection
	GlobalSection(SolutionProperties) = preSolution
		HideSolutionNode = FALSE
	EndGlobalSection
	GlobalSection(ExtensibilityGlobals) = postSolution
		SolutionGuid = {170007EF-C81C-47B1-A36C-D1C21880BA9C}
	EndGlobalSection
EndGlobal
